
Microsoft Visual Studio Solution File, Format Version 12.00
# Visual Studio Version 16
VisualStudioVersion = 16.0.29728.190
MinimumVisualStudioVersion = 10.0.40219.1
Project("{9A19103F-16F7-4668-BE54-9A1E7A4F7556}") = "ozarion", "IMS_Ozarion\ozarion.csproj", "{CD2DE81C-34CE-4ED6-93A0-8D29A71EED3B}"
EndProject
Global
	GlobalSection(SolutionConfigurationPlatforms) = preSolution
		Debug|Any CPU = Debug|Any CPU
		Release|Any CPU = Release|Any CPU
	EndGlobalSection
	GlobalSection(ProjectConfigurationPlatforms) = postSolution
		{CD2DE81C-34CE-4ED6-93A0-8D29A71EED3B}.Debug|Any CPU.ActiveCfg = Debug|Any CPU
		{CD2DE81C-34CE-4ED6-93A0-8D29A71EED3B}.Debug|Any CPU.Build.0 = Debug|Any CPU
		{CD2DE81C-34CE-4ED6-93A0-8D29A71EED3B}.Release|Any CPU.ActiveCfg = Release|Any CPU
		{CD2DE81C-34CE-4ED6-93A0-8D29A71EED3B}.Release|Any CPU.Build.0 = Release|Any CPU
	EndGlobalSection
	GlobalSection(SolutionProperties) = preSolution
		HideSolutionNode = FALSE
	EndGlobalSection
	GlobalSection(ExtensibilityGlobals) = postSolution
		SolutionGuid = {661C4274-B4CA-40BE-A057-44D726843E86}
	EndGlobalSection
EndGlobal
